// !$*UTF8*$!
{
	archiveVersion = 1;
	classes = {
	};
	objectVersion = 51;
	objects = {

/* Begin PBXBuildFile section */
		5C965C3B662816F007D34FD8 /* Pods_WindApp.framework in Frameworks */ = {isa = PBXBuildFile; fileRef = 13C4C55D04214E97ECB4A49C /* Pods_WindApp.framework */; };
		C8242A3829B72CC600A61E2B /* AppDelegate.swift in Sources */ = {isa = PBXBuildFile; fileRef = C8242A3729B72CC600A61E2B /* AppDelegate.swift */; };
		C8242A3A29B72CC600A61E2B /* SceneDelegate.swift in Sources */ = {isa = PBXBuildFile; fileRef = C8242A3929B72CC600A61E2B /* SceneDelegate.swift */; };
		C8242A3C29B72CC600A61E2B /* AuthenticationViewController.swift in Sources */ = {isa = PBXBuildFile; fileRef = C8242A3B29B72CC600A61E2B /* AuthenticationViewController.swift */; };
		C8242A3F29B72CC600A61E2B /* Main.storyboard in Resources */ = {isa = PBXBuildFile; fileRef = C8242A3D29B72CC600A61E2B /* Main.storyboard */; };
		C8242A4129B72CD100A61E2B /* Assets.xcassets in Resources */ = {isa = PBXBuildFile; fileRef = C8242A4029B72CD100A61E2B /* Assets.xcassets */; };
		C8242A4429B72CD100A61E2B /* LaunchScreen.storyboard in Resources */ = {isa = PBXBuildFile; fileRef = C8242A4229B72CD100A61E2B /* LaunchScreen.storyboard */; };
		C8242A4F29B7309B00A61E2B /* SendFundViewController.swift in Sources */ = {isa = PBXBuildFile; fileRef = C8242A4E29B7309B00A61E2B /* SendFundViewController.swift */; };
		C831C18529B8652000E2BEB8 /* AuthenticationViewModel.swift in Sources */ = {isa = PBXBuildFile; fileRef = C831C18429B8652000E2BEB8 /* AuthenticationViewModel.swift */; };
		C831C18C29B8706400E2BEB8 /* ApiEndpoints.swift in Sources */ = {isa = PBXBuildFile; fileRef = C831C18B29B8706400E2BEB8 /* ApiEndpoints.swift */; };
		C831C19129B870CF00E2BEB8 /* LoginValidation.swift in Sources */ = {isa = PBXBuildFile; fileRef = C831C19029B870CF00E2BEB8 /* LoginValidation.swift */; };
		C831C19429B870FD00E2BEB8 /* ValidationResult.swift in Sources */ = {isa = PBXBuildFile; fileRef = C831C19329B870FD00E2BEB8 /* ValidationResult.swift */; };
		C831C19729B8716E00E2BEB8 /* HttpUtility.swift in Sources */ = {isa = PBXBuildFile; fileRef = C831C19629B8716E00E2BEB8 /* HttpUtility.swift */; };
/* End PBXBuildFile section */

/* Begin PBXFileReference section */
		13C4C55D04214E97ECB4A49C /* Pods_WindApp.framework */ = {isa = PBXFileReference; explicitFileType = wrapper.framework; includeInIndex = 0; path = Pods_WindApp.framework; sourceTree = BUILT_PRODUCTS_DIR; };
		5EA9871D0DE8928B350B1F21 /* Pods-WindApp.debug.xcconfig */ = {isa = PBXFileReference; includeInIndex = 1; lastKnownFileType = text.xcconfig; name = "Pods-WindApp.debug.xcconfig"; path = "Target Support Files/Pods-WindApp/Pods-WindApp.debug.xcconfig"; sourceTree = "<group>"; };
		C4982DAB2140B3820A3914A5 /* Pods-WindApp.release.xcconfig */ = {isa = PBXFileReference; includeInIndex = 1; lastKnownFileType = text.xcconfig; name = "Pods-WindApp.release.xcconfig"; path = "Target Support Files/Pods-WindApp/Pods-WindApp.release.xcconfig"; sourceTree = "<group>"; };
		C8242A3429B72CC600A61E2B /* WindApp.app */ = {isa = PBXFileReference; explicitFileType = wrapper.application; includeInIndex = 0; path = WindApp.app; sourceTree = BUILT_PRODUCTS_DIR; };
		C8242A3729B72CC600A61E2B /* AppDelegate.swift */ = {isa = PBXFileReference; lastKnownFileType = sourcecode.swift; path = AppDelegate.swift; sourceTree = "<group>"; };
		C8242A3929B72CC600A61E2B /* SceneDelegate.swift */ = {isa = PBXFileReference; lastKnownFileType = sourcecode.swift; path = SceneDelegate.swift; sourceTree = "<group>"; };
		C8242A3B29B72CC600A61E2B /* AuthenticationViewController.swift */ = {isa = PBXFileReference; lastKnownFileType = sourcecode.swift; path = AuthenticationViewController.swift; sourceTree = "<group>"; };
		C8242A3E29B72CC600A61E2B /* Base */ = {isa = PBXFileReference; lastKnownFileType = file.storyboard; name = Base; path = Base.lproj/Main.storyboard; sourceTree = "<group>"; };
		C8242A4029B72CD100A61E2B /* Assets.xcassets */ = {isa = PBXFileReference; lastKnownFileType = folder.assetcatalog; path = Assets.xcassets; sourceTree = "<group>"; };
		C8242A4329B72CD100A61E2B /* Base */ = {isa = PBXFileReference; lastKnownFileType = file.storyboard; name = Base; path = Base.lproj/LaunchScreen.storyboard; sourceTree = "<group>"; };
		C8242A4529B72CD100A61E2B /* Info.plist */ = {isa = PBXFileReference; lastKnownFileType = text.plist.xml; path = Info.plist; sourceTree = "<group>"; };
		C8242A4E29B7309B00A61E2B /* SendFundViewController.swift */ = {isa = PBXFileReference; lastKnownFileType = sourcecode.swift; path = SendFundViewController.swift; sourceTree = "<group>"; };
		C831C18429B8652000E2BEB8 /* AuthenticationViewModel.swift */ = {isa = PBXFileReference; lastKnownFileType = sourcecode.swift; path = AuthenticationViewModel.swift; sourceTree = "<group>"; };
		C831C18B29B8706400E2BEB8 /* ApiEndpoints.swift */ = {isa = PBXFileReference; lastKnownFileType = sourcecode.swift; path = ApiEndpoints.swift; sourceTree = "<group>"; };
		C831C19029B870CF00E2BEB8 /* LoginValidation.swift */ = {isa = PBXFileReference; lastKnownFileType = sourcecode.swift; path = LoginValidation.swift; sourceTree = "<group>"; };
		C831C19329B870FD00E2BEB8 /* ValidationResult.swift */ = {isa = PBXFileReference; lastKnownFileType = sourcecode.swift; path = ValidationResult.swift; sourceTree = "<group>"; };
		C831C19629B8716E00E2BEB8 /* HttpUtility.swift */ = {isa = PBXFileReference; lastKnownFileType = sourcecode.swift; path = HttpUtility.swift; sourceTree = "<group>"; };
/* End PBXFileReference section */

/* Begin PBXFrameworksBuildPhase section */
		C8242A3129B72CC600A61E2B /* Frameworks */ = {
			isa = PBXFrameworksBuildPhase;
			buildActionMask = 2147483647;
			files = (
				5C965C3B662816F007D34FD8 /* Pods_WindApp.framework in Frameworks */,
			);
			runOnlyForDeploymentPostprocessing = 0;
		};
/* End PBXFrameworksBuildPhase section */

/* Begin PBXGroup section */
		0066939A3FCE95CCA7FEC560 /* Frameworks */ = {
			isa = PBXGroup;
			children = (
				13C4C55D04214E97ECB4A49C /* Pods_WindApp.framework */,
			);
			name = Frameworks;
			sourceTree = "<group>";
		};
		02DDD54F268C93AFF82F7504 /* Pods */ = {
			isa = PBXGroup;
			children = (
				5EA9871D0DE8928B350B1F21 /* Pods-WindApp.debug.xcconfig */,
				C4982DAB2140B3820A3914A5 /* Pods-WindApp.release.xcconfig */,
			);
			path = Pods;
			sourceTree = "<group>";
		};
		C8242A2B29B72CC600A61E2B = {
			isa = PBXGroup;
			children = (
				C8242A3629B72CC600A61E2B /* WindApp */,
				C8242A3529B72CC600A61E2B /* Products */,
				02DDD54F268C93AFF82F7504 /* Pods */,
				0066939A3FCE95CCA7FEC560 /* Frameworks */,
			);
			sourceTree = "<group>";
		};
		C8242A3529B72CC600A61E2B /* Products */ = {
			isa = PBXGroup;
			children = (
				C8242A3429B72CC600A61E2B /* WindApp.app */,
			);
			name = Products;
			sourceTree = "<group>";
		};
		C8242A3629B72CC600A61E2B /* WindApp */ = {
			isa = PBXGroup;
			children = (
				C831C18F29B870AA00E2BEB8 /* Validation */,
				C831C18A29B8703E00E2BEB8 /* Common */,
				C831C18929B86DD000E2BEB8 /* Model */,
				C831C18829B86D7E00E2BEB8 /* Services */,
				C831C18329B864E300E2BEB8 /* ViewModel */,
				C8242A5729B73A4100A61E2B /* View */,
				C8242A3729B72CC600A61E2B /* AppDelegate.swift */,
				C8242A3929B72CC600A61E2B /* SceneDelegate.swift */,
				C8242A3D29B72CC600A61E2B /* Main.storyboard */,
				C8242A4029B72CD100A61E2B /* Assets.xcassets */,
				C8242A4229B72CD100A61E2B /* LaunchScreen.storyboard */,
				C8242A4529B72CD100A61E2B /* Info.plist */,
			);
			path = WindApp;
			sourceTree = "<group>";
		};
		C8242A5729B73A4100A61E2B /* View */ = {
			isa = PBXGroup;
			children = (
				C831C19A29B872A200E2BEB8 /* Custom */,
				C831C19929B8729200E2BEB8 /* ViewController */,
			);
			path = View;
			sourceTree = "<group>";
		};
		C831C18329B864E300E2BEB8 /* ViewModel */ = {
			isa = PBXGroup;
			children = (
				C831C18429B8652000E2BEB8 /* AuthenticationViewModel.swift */,
			);
			path = ViewModel;
			sourceTree = "<group>";
		};
		C831C18829B86D7E00E2BEB8 /* Services */ = {
			isa = PBXGroup;
			children = (
				C831C19629B8716E00E2BEB8 /* HttpUtility.swift */,
			);
			path = Services;
			sourceTree = "<group>";
		};
		C831C18929B86DD000E2BEB8 /* Model */ = {
			isa = PBXGroup;
			children = (
			);
			path = Model;
			sourceTree = "<group>";
		};
		C831C18A29B8703E00E2BEB8 /* Common */ = {
			isa = PBXGroup;
			children = (
				C831C18B29B8706400E2BEB8 /* ApiEndpoints.swift */,
			);
			path = Common;
			sourceTree = "<group>";
		};
		C831C18F29B870AA00E2BEB8 /* Validation */ = {
			isa = PBXGroup;
			children = (
				C831C19029B870CF00E2BEB8 /* LoginValidation.swift */,
				C831C19329B870FD00E2BEB8 /* ValidationResult.swift */,
			);
			path = Validation;
			sourceTree = "<group>";
		};
		C831C19929B8729200E2BEB8 /* ViewController */ = {
			isa = PBXGroup;
			children = (
				C8242A3B29B72CC600A61E2B /* AuthenticationViewController.swift */,
				C8242A4E29B7309B00A61E2B /* SendFundViewController.swift */,
			);
			path = ViewController;
			sourceTree = "<group>";
		};
		C831C19A29B872A200E2BEB8 /* Custom */ = {
			isa = PBXGroup;
			children = (
			);
			path = Custom;
			sourceTree = "<group>";
		};
/* End PBXGroup section */

/* Begin PBXNativeTarget section */
		C8242A3329B72CC600A61E2B /* WindApp */ = {
			isa = PBXNativeTarget;
			buildConfigurationList = C8242A4829B72CD100A61E2B /* Build configuration list for PBXNativeTarget "WindApp" */;
			buildPhases = (
				5A9B4D0E14978933BBBB454F /* [CP] Check Pods Manifest.lock */,
				C8242A3029B72CC600A61E2B /* Sources */,
				C8242A3129B72CC600A61E2B /* Frameworks */,
				C8242A3229B72CC600A61E2B /* Resources */,
				BFC446BD2232199881E4BCD9 /* [CP] Embed Pods Frameworks */,
			);
			buildRules = (
			);
			dependencies = (
			);
			name = WindApp;
			productName = WindApp;
			productReference = C8242A3429B72CC600A61E2B /* WindApp.app */;
			productType = "com.apple.product-type.application";
		};
/* End PBXNativeTarget section */

/* Begin PBXProject section */
		C8242A2C29B72CC600A61E2B /* Project object */ = {
			isa = PBXProject;
			attributes = {
				LastSwiftUpdateCheck = 1240;
				LastUpgradeCheck = 1240;
				TargetAttributes = {
					C8242A3329B72CC600A61E2B = {
						CreatedOnToolsVersion = 12.4;
					};
				};
			};
			buildConfigurationList = C8242A2F29B72CC600A61E2B /* Build configuration list for PBXProject "WindApp" */;
			compatibilityVersion = "Xcode 9.3";
			developmentRegion = en;
			hasScannedForEncodings = 0;
			knownRegions = (
				en,
				Base,
			);
			mainGroup = C8242A2B29B72CC600A61E2B;
			productRefGroup = C8242A3529B72CC600A61E2B /* Products */;
			projectDirPath = "";
			projectRoot = "";
			targets = (
				C8242A3329B72CC600A61E2B /* WindApp */,
			);
		};
/* End PBXProject section */

/* Begin PBXResourcesBuildPhase section */
		C8242A3229B72CC600A61E2B /* Resources */ = {
			isa = PBXResourcesBuildPhase;
			buildActionMask = 2147483647;
			files = (
				C8242A4429B72CD100A61E2B /* LaunchScreen.storyboard in Resources */,
				C8242A4129B72CD100A61E2B /* Assets.xcassets in Resources */,
				C8242A3F29B72CC600A61E2B /* Main.storyboard in Resources */,
			);
			runOnlyForDeploymentPostprocessing = 0;
		};
/* End PBXResourcesBuildPhase section */

/* Begin PBXShellScriptBuildPhase section */
		5A9B4D0E14978933BBBB454F /* [CP] Check Pods Manifest.lock */ = {
			isa = PBXShellScriptBuildPhase;
			buildActionMask = 2147483647;
			files = (
			);
			inputFileListPaths = (
			);
			inputPaths = (
				"${PODS_PODFILE_DIR_PATH}/Podfile.lock",
				"${PODS_ROOT}/Manifest.lock",
			);
			name = "[CP] Check Pods Manifest.lock";
			outputFileListPaths = (
			);
			outputPaths = (
				"$(DERIVED_FILE_DIR)/Pods-WindApp-checkManifestLockResult.txt",
			);
			runOnlyForDeploymentPostprocessing = 0;
			shellPath = /bin/sh;
			shellScript = "diff \"${PODS_PODFILE_DIR_PATH}/Podfile.lock\" \"${PODS_ROOT}/Manifest.lock\" > /dev/null\nif [ $? != 0 ] ; then\n    # print error to STDERR\n    echo \"error: The sandbox is not in sync with the Podfile.lock. Run 'pod install' or update your CocoaPods installation.\" >&2\n    exit 1\nfi\n# This output is used by Xcode 'outputs' to avoid re-running this script phase.\necho \"SUCCESS\" > \"${SCRIPT_OUTPUT_FILE_0}\"\n";
			showEnvVarsInLog = 0;
		};
		BFC446BD2232199881E4BCD9 /* [CP] Embed Pods Frameworks */ = {
			isa = PBXShellScriptBuildPhase;
			buildActionMask = 2147483647;
			files = (
			);
			inputFileListPaths = (
				"${PODS_ROOT}/Target Support Files/Pods-WindApp/Pods-WindApp-frameworks-${CONFIGURATION}-input-files.xcfilelist",
			);
			name = "[CP] Embed Pods Frameworks";
			outputFileListPaths = (
				"${PODS_ROOT}/Target Support Files/Pods-WindApp/Pods-WindApp-frameworks-${CONFIGURATION}-output-files.xcfilelist",
			);
			runOnlyForDeploymentPostprocessing = 0;
			shellPath = /bin/sh;
			shellScript = "\"${PODS_ROOT}/Target Support Files/Pods-WindApp/Pods-WindApp-frameworks.sh\"\n";
			showEnvVarsInLog = 0;
		};
/* End PBXShellScriptBuildPhase section */

/* Begin PBXSourcesBuildPhase section */
		C8242A3029B72CC600A61E2B /* Sources */ = {
			isa = PBXSourcesBuildPhase;
			buildActionMask = 2147483647;
			files = (
				C8242A3C29B72CC600A61E2B /* AuthenticationViewController.swift in Sources */,
				C831C18C29B8706400E2BEB8 /* ApiEndpoints.swift in Sources */,
				C831C18529B8652000E2BEB8 /* AuthenticationViewModel.swift in Sources */,
				C831C19729B8716E00E2BEB8 /* HttpUtility.swift in Sources */,
				C831C19429B870FD00E2BEB8 /* ValidationResult.swift in Sources */,
				C831C19129B870CF00E2BEB8 /* LoginValidation.swift in Sources */,
				C8242A4F29B7309B00A61E2B /* SendFundViewController.swift in Sources */,
				C8242A3829B72CC600A61E2B /* AppDelegate.swift in Sources */,
				C8242A3A29B72CC600A61E2B /* SceneDelegate.swift in Sources */,
			);
			runOnlyForDeploymentPostprocessing = 0;
		};
/* End PBXSourcesBuildPhase section */

/* Begin PBXVariantGroup section */
		C8242A3D29B72CC600A61E2B /* Main.storyboard */ = {
			isa = PBXVariantGroup;
			children = (
				C8242A3E29B72CC600A61E2B /* Base */,
			);
			name = Main.storyboard;
			sourceTree = "<group>";
		};
		C8242A4229B72CD100A61E2B /* LaunchScreen.storyboard */ = {
			isa = PBXVariantGroup;
			children = (
				C8242A4329B72CD100A61E2B /* Base */,
			);
			name = LaunchScreen.storyboard;
			sourceTree = "<group>";
		};
/* End PBXVariantGroup section */

/* Begin XCBuildConfiguration section */
		C8242A4629B72CD100A61E2B /* Debug */ = {
			isa = XCBuildConfiguration;
			buildSettings = {
				ALWAYS_SEARCH_USER_PATHS = NO;
				CLANG_ANALYZER_NONNULL = YES;
				CLANG_ANALYZER_NUMBER_OBJECT_CONVERSION = YES_AGGRESSIVE;
				CLANG_CXX_LANGUAGE_STANDARD = "gnu++14";
				CLANG_CXX_LIBRARY = "libc++";
				CLANG_ENABLE_MODULES = YES;
				CLANG_ENABLE_OBJC_ARC = YES;
				CLANG_ENABLE_OBJC_WEAK = YES;
				CLANG_WARN_BLOCK_CAPTURE_AUTORELEASING = YES;
				CLANG_WARN_BOOL_CONVERSION = YES;
				CLANG_WARN_COMMA = YES;
				CLANG_WARN_CONSTANT_CONVERSION = YES;
				CLANG_WARN_DEPRECATED_OBJC_IMPLEMENTATIONS = YES;
				CLANG_WARN_DIRECT_OBJC_ISA_USAGE = YES_ERROR;
				CLANG_WARN_DOCUMENTATION_COMMENTS = YES;
				CLANG_WARN_EMPTY_BODY = YES;
				CLANG_WARN_ENUM_CONVERSION = YES;
				CLANG_WARN_INFINITE_RECURSION = YES;
				CLANG_WARN_INT_CONVERSION = YES;
				CLANG_WARN_NON_LITERAL_NULL_CONVERSION = YES;
				CLANG_WARN_OBJC_IMPLICIT_RETAIN_SELF = YES;
				CLANG_WARN_OBJC_LITERAL_CONVERSION = YES;
				CLANG_WARN_OBJC_ROOT_CLASS = YES_ERROR;
				CLANG_WARN_QUOTED_INCLUDE_IN_FRAMEWORK_HEADER = YES;
				CLANG_WARN_RANGE_LOOP_ANALYSIS = YES;
				CLANG_WARN_STRICT_PROTOTYPES = YES;
				CLANG_WARN_SUSPICIOUS_MOVE = YES;
				CLANG_WARN_UNGUARDED_AVAILABILITY = YES_AGGRESSIVE;
				CLANG_WARN_UNREACHABLE_CODE = YES;
				CLANG_WARN__DUPLICATE_METHOD_MATCH = YES;
				COPY_PHASE_STRIP = NO;
				DEBUG_INFORMATION_FORMAT = dwarf;
				ENABLE_STRICT_OBJC_MSGSEND = YES;
				ENABLE_TESTABILITY = YES;
				GCC_C_LANGUAGE_STANDARD = gnu11;
				GCC_DYNAMIC_NO_PIC = NO;
				GCC_NO_COMMON_BLOCKS = YES;
				GCC_OPTIMIZATION_LEVEL = 0;
				GCC_PREPROCESSOR_DEFINITIONS = (
					"DEBUG=1",
					"$(inherited)",
				);
				GCC_WARN_64_TO_32_BIT_CONVERSION = YES;
				GCC_WARN_ABOUT_RETURN_TYPE = YES_ERROR;
				GCC_WARN_UNDECLARED_SELECTOR = YES;
				GCC_WARN_UNINITIALIZED_AUTOS = YES_AGGRESSIVE;
				GCC_WARN_UNUSED_FUNCTION = YES;
				GCC_WARN_UNUSED_VARIABLE = YES;
				IPHONEOS_DEPLOYMENT_TARGET = 14.4;
				MTL_ENABLE_DEBUG_INFO = INCLUDE_SOURCE;
				MTL_FAST_MATH = YES;
				ONLY_ACTIVE_ARCH = YES;
				SDKROOT = iphoneos;
				SWIFT_ACTIVE_COMPILATION_CONDITIONS = DEBUG;
				SWIFT_OPTIMIZATION_LEVEL = "-Onone";
			};
			name = Debug;
		};
		C8242A4729B72CD100A61E2B /* Release */ = {
			isa = XCBuildConfiguration;
			buildSettings = {
				ALWAYS_SEARCH_USER_PATHS = NO;
				CLANG_ANALYZER_NONNULL = YES;
				CLANG_ANALYZER_NUMBER_OBJECT_CONVERSION = YES_AGGRESSIVE;
				CLANG_CXX_LANGUAGE_STANDARD = "gnu++14";
				CLANG_CXX_LIBRARY = "libc++";
				CLANG_ENABLE_MODULES = YES;
				CLANG_ENABLE_OBJC_ARC = YES;
				CLANG_ENABLE_OBJC_WEAK = YES;
				CLANG_WARN_BLOCK_CAPTURE_AUTORELEASING = YES;
				CLANG_WARN_BOOL_CONVERSION = YES;
				CLANG_WARN_COMMA = YES;
				CLANG_WARN_CONSTANT_CONVERSION = YES;
				CLANG_WARN_DEPRECATED_OBJC_IMPLEMENTATIONS = YES;
				CLANG_WARN_DIRECT_OBJC_ISA_USAGE = YES_ERROR;
				CLANG_WARN_DOCUMENTATION_COMMENTS = YES;
				CLANG_WARN_EMPTY_BODY = YES;
				CLANG_WARN_ENUM_CONVERSION = YES;
				CLANG_WARN_INFINITE_RECURSION = YES;
				CLANG_WARN_INT_CONVERSION = YES;
				CLANG_WARN_NON_LITERAL_NULL_CONVERSION = YES;
				CLANG_WARN_OBJC_IMPLICIT_RETAIN_SELF = YES;
				CLANG_WARN_OBJC_LITERAL_CONVERSION = YES;
				CLANG_WARN_OBJC_ROOT_CLASS = YES_ERROR;
				CLANG_WARN_QUOTED_INCLUDE_IN_FRAMEWORK_HEADER = YES;
				CLANG_WARN_RANGE_LOOP_ANALYSIS = YES;
				CLANG_WARN_STRICT_PROTOTYPES = YES;
				CLANG_WARN_SUSPICIOUS_MOVE = YES;
				CLANG_WARN_UNGUARDED_AVAILABILITY = YES_AGGRESSIVE;
				CLANG_WARN_UNREACHABLE_CODE = YES;
				CLANG_WARN__DUPLICATE_METHOD_MATCH = YES;
				COPY_PHASE_STRIP = NO;
				DEBUG_INFORMATION_FORMAT = "dwarf-with-dsym";
				ENABLE_NS_ASSERTIONS = NO;
				ENABLE_STRICT_OBJC_MSGSEND = YES;
				GCC_C_LANGUAGE_STANDARD = gnu11;
				GCC_NO_COMMON_BLOCKS = YES;
				GCC_WARN_64_TO_32_BIT_CONVERSION = YES;
				GCC_WARN_ABOUT_RETURN_TYPE = YES_ERROR;
				GCC_WARN_UNDECLARED_SELECTOR = YES;
				GCC_WARN_UNINITIALIZED_AUTOS = YES_AGGRESSIVE;
				GCC_WARN_UNUSED_FUNCTION = YES;
				GCC_WARN_UNUSED_VARIABLE = YES;
				IPHONEOS_DEPLOYMENT_TARGET = 14.4;
				MTL_ENABLE_DEBUG_INFO = NO;
				MTL_FAST_MATH = YES;
				SDKROOT = iphoneos;
				SWIFT_COMPILATION_MODE = wholemodule;
				SWIFT_OPTIMIZATION_LEVEL = "-O";
				VALIDATE_PRODUCT = YES;
			};
			name = Release;
		};
		C8242A4929B72CD100A61E2B /* Debug */ = {
			isa = XCBuildConfiguration;
			baseConfigurationReference = 5EA9871D0DE8928B350B1F21 /* Pods-WindApp.debug.xcconfig */;
			buildSettings = {
				ASSETCATALOG_COMPILER_APPICON_NAME = AppIcon;
				ASSETCATALOG_COMPILER_GLOBAL_ACCENT_COLOR_NAME = AccentColor;
				CODE_SIGN_STYLE = Automatic;
				INFOPLIST_FILE = WindApp/Info.plist;
				LD_RUNPATH_SEARCH_PATHS = (
					"$(inherited)",
					"@executable_path/Frameworks",
				);
				PRODUCT_BUNDLE_IDENTIFIER = com.DeshiIT.WindApp;
				PRODUCT_NAME = "$(TARGET_NAME)";
				SWIFT_VERSION = 5.0;
				TARGETED_DEVICE_FAMILY = "1,2";
			};
			name = Debug;
		};
		C8242A4A29B72CD100A61E2B /* Release */ = {
			isa = XCBuildConfiguration;
			baseConfigurationReference = C4982DAB2140B3820A3914A5 /* Pods-WindApp.release.xcconfig */;
			buildSettings = {
				ASSETCATALOG_COMPILER_APPICON_NAME = AppIcon;
				ASSETCATALOG_COMPILER_GLOBAL_ACCENT_COLOR_NAME = AccentColor;
				CODE_SIGN_STYLE = Automatic;
				INFOPLIST_FILE = WindApp/Info.plist;
				LD_RUNPATH_SEARCH_PATHS = (
					"$(inherited)",
					"@executable_path/Frameworks",
				);
				PRODUCT_BUNDLE_IDENTIFIER = com.DeshiIT.WindApp;
				PRODUCT_NAME = "$(TARGET_NAME)";
				SWIFT_VERSION = 5.0;
				TARGETED_DEVICE_FAMILY = "1,2";
			};
			name = Release;
		};
/* End XCBuildConfiguration section */

/* Begin XCConfigurationList section */
		C8242A2F29B72CC600A61E2B /* Build configuration list for PBXProject "WindApp" */ = {
			isa = XCConfigurationList;
			buildConfigurations = (
				C8242A4629B72CD100A61E2B /* Debug */,
				C8242A4729B72CD100A61E2B /* Release */,
			);
			defaultConfigurationIsVisible = 0;
			defaultConfigurationName = Release;
		};
		C8242A4829B72CD100A61E2B /* Build configuration list for PBXNativeTarget "WindApp" */ = {
			isa = XCConfigurationList;
			buildConfigurations = (
				C8242A4929B72CD100A61E2B /* Debug */,
				C8242A4A29B72CD100A61E2B /* Release */,
			);
			defaultConfigurationIsVisible = 0;
			defaultConfigurationName = Release;
		};
/* End XCConfigurationList section */
	};
	rootObject = C8242A2C29B72CC600A61E2B /* Project object */;
}
